
Microsoft Visual Studio Solution File, Format Version 12.00
# Visual Studio 15
VisualStudioVersion = 15.0.28010.2026
MinimumVisualStudioVersion = 10.0.40219.1
Project("{FAE04EC0-301F-11D3-BF4B-00C04F79EFBC}") = "WpfGitTest", "WpfGitTest\WpfGitTest.csproj", "{2C25E809-240A-4F6E-B1AA-BA6BE14A480D}"
EndProject
Global
	GlobalSection(SolutionConfigurationPlatforms) = preSolution
		Debug|Any CPU = Debug|Any CPU
		Release|Any CPU = Release|Any CPU
	EndGlobalSection
	GlobalSection(ProjectConfigurationPlatforms) = postSolution
		{2C25E809-240A-4F6E-B1AA-BA6BE14A480D}.Debug|Any CPU.ActiveCfg = Debug|Any CPU
		{2C25E809-240A-4F6E-B1AA-BA6BE14A480D}.Debug|Any CPU.Build.0 = Debug|Any CPU
		{2C25E809-240A-4F6E-B1AA-BA6BE14A480D}.Release|Any CPU.ActiveCfg = Release|Any CPU
		{2C25E809-240A-4F6E-B1AA-BA6BE14A480D}.Release|Any CPU.Build.0 = Release|Any CPU
	EndGlobalSection
	GlobalSection(SolutionProperties) = preSolution
		HideSolutionNode = FALSE
	EndGlobalSection
	GlobalSection(ExtensibilityGlobals) = postSolution
		SolutionGuid = {C97E2B97-A516-463D-88FD-8CBB49284D2D}
	EndGlobalSection
EndGlobal
