
Microsoft Visual Studio Solution File, Format Version 12.00
# Visual Studio 15
VisualStudioVersion = 15.0.28010.2046
MinimumVisualStudioVersion = 10.0.40219.1
Project("{FAE04EC0-301F-11D3-BF4B-00C04F79EFBC}") = "B4.PE2.HuygheK.Android", "B4.PE2.HuygheK\B4.PE2.HuygheK.Android\B4.PE2.HuygheK.Android.csproj", "{2704C9A7-3885-4C1E-B431-5327D8B1EEB6}"
EndProject
Project("{FAE04EC0-301F-11D3-BF4B-00C04F79EFBC}") = "B4.PE2.HuygheK.iOS", "B4.PE2.HuygheK\B4.PE2.HuygheK.iOS\B4.PE2.HuygheK.iOS.csproj", "{CC97D903-A308-4876-8053-E24B7589D8A7}"
EndProject
Project("{FAE04EC0-301F-11D3-BF4B-00C04F79EFBC}") = "B4.PE2.HuygheK.UWP", "B4.PE2.HuygheK\B4.PE2.HuygheK.UWP\B4.PE2.HuygheK.UWP.csproj", "{02729F5A-2245-4C86-AA92-A488F3CFD8E3}"
EndProject
Project("{FAE04EC0-301F-11D3-BF4B-00C04F79EFBC}") = "B4.PE2.HuygheK", "B4.PE2.HuygheK\B4.PE2.HuygheK\B4.PE2.HuygheK.csproj", "{304EF73B-3C39-4823-9806-F6E639F35C46}"
EndProject
Global
	GlobalSection(SolutionConfigurationPlatforms) = preSolution
		Ad-Hoc|Any CPU = Ad-Hoc|Any CPU
		Ad-Hoc|ARM = Ad-Hoc|ARM
		Ad-Hoc|iPhone = Ad-Hoc|iPhone
		Ad-Hoc|iPhoneSimulator = Ad-Hoc|iPhoneSimulator
		Ad-Hoc|x64 = Ad-Hoc|x64
		Ad-Hoc|x86 = Ad-Hoc|x86
		AppStore|Any CPU = AppStore|Any CPU
		AppStore|ARM = AppStore|ARM
		AppStore|iPhone = AppStore|iPhone
		AppStore|iPhoneSimulator = AppStore|iPhoneSimulator
		AppStore|x64 = AppStore|x64
		AppStore|x86 = AppStore|x86
		Debug|Any CPU = Debug|Any CPU
		Debug|ARM = Debug|ARM
		Debug|iPhone = Debug|iPhone
		Debug|iPhoneSimulator = Debug|iPhoneSimulator
		Debug|x64 = Debug|x64
		Debug|x86 = Debug|x86
		Release|Any CPU = Release|Any CPU
		Release|ARM = Release|ARM
		Release|iPhone = Release|iPhone
		Release|iPhoneSimulator = Release|iPhoneSimulator
		Release|x64 = Release|x64
		Release|x86 = Release|x86
	EndGlobalSection
	GlobalSection(ProjectConfigurationPlatforms) = postSolution
		{2704C9A7-3885-4C1E-B431-5327D8B1EEB6}.Ad-Hoc|Any CPU.ActiveCfg = Release|Any CPU
		{2704C9A7-3885-4C1E-B431-5327D8B1EEB6}.Ad-Hoc|Any CPU.Build.0 = Release|Any CPU
		{2704C9A7-3885-4C1E-B431-5327D8B1EEB6}.Ad-Hoc|Any CPU.Deploy.0 = Release|Any CPU
		{2704C9A7-3885-4C1E-B431-5327D8B1EEB6}.Ad-Hoc|ARM.ActiveCfg = Release|Any CPU
		{2704C9A7-3885-4C1E-B431-5327D8B1EEB6}.Ad-Hoc|ARM.Build.0 = Release|Any CPU
		{2704C9A7-3885-4C1E-B431-5327D8B1EEB6}.Ad-Hoc|ARM.Deploy.0 = Release|Any CPU
		{2704C9A7-3885-4C1E-B431-5327D8B1EEB6}.Ad-Hoc|iPhone.ActiveCfg = Release|Any CPU
		{2704C9A7-3885-4C1E-B431-5327D8B1EEB6}.Ad-Hoc|iPhone.Build.0 = Release|Any CPU
		{2704C9A7-3885-4C1E-B431-5327D8B1EEB6}.Ad-Hoc|iPhone.Deploy.0 = Release|Any CPU
		{2704C9A7-3885-4C1E-B431-5327D8B1EEB6}.Ad-Hoc|iPhoneSimulator.ActiveCfg = Release|Any CPU
		{2704C9A7-3885-4C1E-B431-5327D8B1EEB6}.Ad-Hoc|iPhoneSimulator.Build.0 = Release|Any CPU
		{2704C9A7-3885-4C1E-B431-5327D8B1EEB6}.Ad-Hoc|iPhoneSimulator.Deploy.0 = Release|Any CPU
		{2704C9A7-3885-4C1E-B431-5327D8B1EEB6}.Ad-Hoc|x64.ActiveCfg = Release|Any CPU
		{2704C9A7-3885-4C1E-B431-5327D8B1EEB6}.Ad-Hoc|x64.Build.0 = Release|Any CPU
		{2704C9A7-3885-4C1E-B431-5327D8B1EEB6}.Ad-Hoc|x64.Deploy.0 = Release|Any CPU
		{2704C9A7-3885-4C1E-B431-5327D8B1EEB6}.Ad-Hoc|x86.ActiveCfg = Release|Any CPU
		{2704C9A7-3885-4C1E-B431-5327D8B1EEB6}.Ad-Hoc|x86.Build.0 = Release|Any CPU
		{2704C9A7-3885-4C1E-B431-5327D8B1EEB6}.Ad-Hoc|x86.Deploy.0 = Release|Any CPU
		{2704C9A7-3885-4C1E-B431-5327D8B1EEB6}.AppStore|Any CPU.ActiveCfg = Release|Any CPU
		{2704C9A7-3885-4C1E-B431-5327D8B1EEB6}.AppStore|Any CPU.Build.0 = Release|Any CPU
		{2704C9A7-3885-4C1E-B431-5327D8B1EEB6}.AppStore|Any CPU.Deploy.0 = Release|Any CPU
		{2704C9A7-3885-4C1E-B431-5327D8B1EEB6}.AppStore|ARM.ActiveCfg = Release|Any CPU
		{2704C9A7-3885-4C1E-B431-5327D8B1EEB6}.AppStore|ARM.Build.0 = Release|Any CPU
		{2704C9A7-3885-4C1E-B431-5327D8B1EEB6}.AppStore|ARM.Deploy.0 = Release|Any CPU
		{2704C9A7-3885-4C1E-B431-5327D8B1EEB6}.AppStore|iPhone.ActiveCfg = Release|Any CPU
		{2704C9A7-3885-4C1E-B431-5327D8B1EEB6}.AppStore|iPhone.Build.0 = Release|Any CPU
		{2704C9A7-3885-4C1E-B431-5327D8B1EEB6}.AppStore|iPhone.Deploy.0 = Release|Any CPU
		{2704C9A7-3885-4C1E-B431-5327D8B1EEB6}.AppStore|iPhoneSimulator.ActiveCfg = Release|Any CPU
		{2704C9A7-3885-4C1E-B431-5327D8B1EEB6}.AppStore|iPhoneSimulator.Build.0 = Release|Any CPU
		{2704C9A7-3885-4C1E-B431-5327D8B1EEB6}.AppStore|iPhoneSimulator.Deploy.0 = Release|Any CPU
		{2704C9A7-3885-4C1E-B431-5327D8B1EEB6}.AppStore|x64.ActiveCfg = Release|Any CPU
		{2704C9A7-3885-4C1E-B431-5327D8B1EEB6}.AppStore|x64.Build.0 = Release|Any CPU
		{2704C9A7-3885-4C1E-B431-5327D8B1EEB6}.AppStore|x64.Deploy.0 = Release|Any CPU
		{2704C9A7-3885-4C1E-B431-5327D8B1EEB6}.AppStore|x86.ActiveCfg = Release|Any CPU
		{2704C9A7-3885-4C1E-B431-5327D8B1EEB6}.AppStore|x86.Build.0 = Release|Any CPU
		{2704C9A7-3885-4C1E-B431-5327D8B1EEB6}.AppStore|x86.Deploy.0 = Release|Any CPU
		{2704C9A7-3885-4C1E-B431-5327D8B1EEB6}.Debug|Any CPU.ActiveCfg = Debug|Any CPU
		{2704C9A7-3885-4C1E-B431-5327D8B1EEB6}.Debug|Any CPU.Build.0 = Debug|Any CPU
		{2704C9A7-3885-4C1E-B431-5327D8B1EEB6}.Debug|Any CPU.Deploy.0 = Debug|Any CPU
		{2704C9A7-3885-4C1E-B431-5327D8B1EEB6}.Debug|ARM.ActiveCfg = Debug|Any CPU
		{2704C9A7-3885-4C1E-B431-5327D8B1EEB6}.Debug|ARM.Build.0 = Debug|Any CPU
		{2704C9A7-3885-4C1E-B431-5327D8B1EEB6}.Debug|ARM.Deploy.0 = Debug|Any CPU
		{2704C9A7-3885-4C1E-B431-5327D8B1EEB6}.Debug|iPhone.ActiveCfg = Debug|Any CPU
		{2704C9A7-3885-4C1E-B431-5327D8B1EEB6}.Debug|iPhone.Build.0 = Debug|Any CPU
		{2704C9A7-3885-4C1E-B431-5327D8B1EEB6}.Debug|iPhone.Deploy.0 = Debug|Any CPU
		{2704C9A7-3885-4C1E-B431-5327D8B1EEB6}.Debug|iPhoneSimulator.ActiveCfg = Debug|Any CPU
		{2704C9A7-3885-4C1E-B431-5327D8B1EEB6}.Debug|iPhoneSimulator.Build.0 = Debug|Any CPU
		{2704C9A7-3885-4C1E-B431-5327D8B1EEB6}.Debug|iPhoneSimulator.Deploy.0 = Debug|Any CPU
		{2704C9A7-3885-4C1E-B431-5327D8B1EEB6}.Debug|x64.ActiveCfg = Debug|Any CPU
		{2704C9A7-3885-4C1E-B431-5327D8B1EEB6}.Debug|x64.Build.0 = Debug|Any CPU
		{2704C9A7-3885-4C1E-B431-5327D8B1EEB6}.Debug|x64.Deploy.0 = Debug|Any CPU
		{2704C9A7-3885-4C1E-B431-5327D8B1EEB6}.Debug|x86.ActiveCfg = Debug|Any CPU
		{2704C9A7-3885-4C1E-B431-5327D8B1EEB6}.Debug|x86.Build.0 = Debug|Any CPU
		{2704C9A7-3885-4C1E-B431-5327D8B1EEB6}.Debug|x86.Deploy.0 = Debug|Any CPU
		{2704C9A7-3885-4C1E-B431-5327D8B1EEB6}.Release|Any CPU.ActiveCfg = Release|Any CPU
		{2704C9A7-3885-4C1E-B431-5327D8B1EEB6}.Release|Any CPU.Build.0 = Release|Any CPU
		{2704C9A7-3885-4C1E-B431-5327D8B1EEB6}.Release|Any CPU.Deploy.0 = Release|Any CPU
		{2704C9A7-3885-4C1E-B431-5327D8B1EEB6}.Release|ARM.ActiveCfg = Release|Any CPU
		{2704C9A7-3885-4C1E-B431-5327D8B1EEB6}.Release|ARM.Build.0 = Release|Any CPU
		{2704C9A7-3885-4C1E-B431-5327D8B1EEB6}.Release|ARM.Deploy.0 = Release|Any CPU
		{2704C9A7-3885-4C1E-B431-5327D8B1EEB6}.Release|iPhone.ActiveCfg = Release|Any CPU
		{2704C9A7-3885-4C1E-B431-5327D8B1EEB6}.Release|iPhone.Build.0 = Release|Any CPU
		{2704C9A7-3885-4C1E-B431-5327D8B1EEB6}.Release|iPhone.Deploy.0 = Release|Any CPU
		{2704C9A7-3885-4C1E-B431-5327D8B1EEB6}.Release|iPhoneSimulator.ActiveCfg = Release|Any CPU
		{2704C9A7-3885-4C1E-B431-5327D8B1EEB6}.Release|iPhoneSimulator.Build.0 = Release|Any CPU
		{2704C9A7-3885-4C1E-B431-5327D8B1EEB6}.Release|iPhoneSimulator.Deploy.0 = Release|Any CPU
		{2704C9A7-3885-4C1E-B431-5327D8B1EEB6}.Release|x64.ActiveCfg = Release|Any CPU
		{2704C9A7-3885-4C1E-B431-5327D8B1EEB6}.Release|x64.Build.0 = Release|Any CPU
		{2704C9A7-3885-4C1E-B431-5327D8B1EEB6}.Release|x64.Deploy.0 = Release|Any CPU
		{2704C9A7-3885-4C1E-B431-5327D8B1EEB6}.Release|x86.ActiveCfg = Release|Any CPU
		{2704C9A7-3885-4C1E-B431-5327D8B1EEB6}.Release|x86.Build.0 = Release|Any CPU
		{2704C9A7-3885-4C1E-B431-5327D8B1EEB6}.Release|x86.Deploy.0 = Release|Any CPU
		{CC97D903-A308-4876-8053-E24B7589D8A7}.Ad-Hoc|Any CPU.ActiveCfg = Ad-Hoc|iPhone
		{CC97D903-A308-4876-8053-E24B7589D8A7}.Ad-Hoc|Any CPU.Build.0 = Ad-Hoc|iPhone
		{CC97D903-A308-4876-8053-E24B7589D8A7}.Ad-Hoc|Any CPU.Deploy.0 = Ad-Hoc|iPhone
		{CC97D903-A308-4876-8053-E24B7589D8A7}.Ad-Hoc|ARM.ActiveCfg = Ad-Hoc|iPhone
		{CC97D903-A308-4876-8053-E24B7589D8A7}.Ad-Hoc|ARM.Build.0 = Ad-Hoc|iPhone
		{CC97D903-A308-4876-8053-E24B7589D8A7}.Ad-Hoc|ARM.Deploy.0 = Ad-Hoc|iPhone
		{CC97D903-A308-4876-8053-E24B7589D8A7}.Ad-Hoc|iPhone.ActiveCfg = Ad-Hoc|iPhone
		{CC97D903-A308-4876-8053-E24B7589D8A7}.Ad-Hoc|iPhone.Build.0 = Ad-Hoc|iPhone
		{CC97D903-A308-4876-8053-E24B7589D8A7}.Ad-Hoc|iPhone.Deploy.0 = Ad-Hoc|iPhone
		{CC97D903-A308-4876-8053-E24B7589D8A7}.Ad-Hoc|iPhoneSimulator.ActiveCfg = Ad-Hoc|iPhoneSimulator
		{CC97D903-A308-4876-8053-E24B7589D8A7}.Ad-Hoc|iPhoneSimulator.Build.0 = Ad-Hoc|iPhoneSimulator
		{CC97D903-A308-4876-8053-E24B7589D8A7}.Ad-Hoc|iPhoneSimulator.Deploy.0 = Ad-Hoc|iPhoneSimulator
		{CC97D903-A308-4876-8053-E24B7589D8A7}.Ad-Hoc|x64.ActiveCfg = Ad-Hoc|iPhone
		{CC97D903-A308-4876-8053-E24B7589D8A7}.Ad-Hoc|x64.Build.0 = Ad-Hoc|iPhone
		{CC97D903-A308-4876-8053-E24B7589D8A7}.Ad-Hoc|x64.Deploy.0 = Ad-Hoc|iPhone
		{CC97D903-A308-4876-8053-E24B7589D8A7}.Ad-Hoc|x86.ActiveCfg = Ad-Hoc|iPhone
		{CC97D903-A308-4876-8053-E24B7589D8A7}.Ad-Hoc|x86.Build.0 = Ad-Hoc|iPhone
		{CC97D903-A308-4876-8053-E24B7589D8A7}.Ad-Hoc|x86.Deploy.0 = Ad-Hoc|iPhone
		{CC97D903-A308-4876-8053-E24B7589D8A7}.AppStore|Any CPU.ActiveCfg = AppStore|iPhone
		{CC97D903-A308-4876-8053-E24B7589D8A7}.AppStore|Any CPU.Build.0 = AppStore|iPhone
		{CC97D903-A308-4876-8053-E24B7589D8A7}.AppStore|Any CPU.Deploy.0 = AppStore|iPhone
		{CC97D903-A308-4876-8053-E24B7589D8A7}.AppStore|ARM.ActiveCfg = AppStore|iPhone
		{CC97D903-A308-4876-8053-E24B7589D8A7}.AppStore|ARM.Build.0 = AppStore|iPhone
		{CC97D903-A308-4876-8053-E24B7589D8A7}.AppStore|ARM.Deploy.0 = AppStore|iPhone
		{CC97D903-A308-4876-8053-E24B7589D8A7}.AppStore|iPhone.ActiveCfg = AppStore|iPhone
		{CC97D903-A308-4876-8053-E24B7589D8A7}.AppStore|iPhone.Build.0 = AppStore|iPhone
		{CC97D903-A308-4876-8053-E24B7589D8A7}.AppStore|iPhone.Deploy.0 = AppStore|iPhone
		{CC97D903-A308-4876-8053-E24B7589D8A7}.AppStore|iPhoneSimulator.ActiveCfg = AppStore|iPhoneSimulator
		{CC97D903-A308-4876-8053-E24B7589D8A7}.AppStore|iPhoneSimulator.Build.0 = AppStore|iPhoneSimulator
		{CC97D903-A308-4876-8053-E24B7589D8A7}.AppStore|iPhoneSimulator.Deploy.0 = AppStore|iPhoneSimulator
		{CC97D903-A308-4876-8053-E24B7589D8A7}.AppStore|x64.ActiveCfg = AppStore|iPhone
		{CC97D903-A308-4876-8053-E24B7589D8A7}.AppStore|x64.Build.0 = AppStore|iPhone
		{CC97D903-A308-4876-8053-E24B7589D8A7}.AppStore|x64.Deploy.0 = AppStore|iPhone
		{CC97D903-A308-4876-8053-E24B7589D8A7}.AppStore|x86.ActiveCfg = AppStore|iPhone
		{CC97D903-A308-4876-8053-E24B7589D8A7}.AppStore|x86.Build.0 = AppStore|iPhone
		{CC97D903-A308-4876-8053-E24B7589D8A7}.AppStore|x86.Deploy.0 = AppStore|iPhone
		{CC97D903-A308-4876-8053-E24B7589D8A7}.Debug|Any CPU.ActiveCfg = Debug|iPhoneSimulator
		{CC97D903-A308-4876-8053-E24B7589D8A7}.Debug|Any CPU.Build.0 = Debug|iPhoneSimulator
		{CC97D903-A308-4876-8053-E24B7589D8A7}.Debug|Any CPU.Deploy.0 = Debug|iPhoneSimulator
		{CC97D903-A308-4876-8053-E24B7589D8A7}.Debug|ARM.ActiveCfg = Debug|iPhone
		{CC97D903-A308-4876-8053-E24B7589D8A7}.Debug|ARM.Build.0 = Debug|iPhone
		{CC97D903-A308-4876-8053-E24B7589D8A7}.Debug|ARM.Deploy.0 = Debug|iPhone
		{CC97D903-A308-4876-8053-E24B7589D8A7}.Debug|iPhone.ActiveCfg = Debug|iPhone
		{CC97D903-A308-4876-8053-E24B7589D8A7}.Debug|iPhone.Build.0 = Debug|iPhone
		{CC97D903-A308-4876-8053-E24B7589D8A7}.Debug|iPhone.Deploy.0 = Debug|iPhone
		{CC97D903-A308-4876-8053-E24B7589D8A7}.Debug|iPhoneSimulator.ActiveCfg = Debug|iPhoneSimulator
		{CC97D903-A308-4876-8053-E24B7589D8A7}.Debug|iPhoneSimulator.Build.0 = Debug|iPhoneSimulator
		{CC97D903-A308-4876-8053-E24B7589D8A7}.Debug|iPhoneSimulator.Deploy.0 = Debug|iPhoneSimulator
		{CC97D903-A308-4876-8053-E24B7589D8A7}.Debug|x64.ActiveCfg = Debug|iPhone
		{CC97D903-A308-4876-8053-E24B7589D8A7}.Debug|x64.Build.0 = Debug|iPhone
		{CC97D903-A308-4876-8053-E24B7589D8A7}.Debug|x64.Deploy.0 = Debug|iPhone
		{CC97D903-A308-4876-8053-E24B7589D8A7}.Debug|x86.ActiveCfg = Debug|iPhone
		{CC97D903-A308-4876-8053-E24B7589D8A7}.Debug|x86.Build.0 = Debug|iPhone
		{CC97D903-A308-4876-8053-E24B7589D8A7}.Debug|x86.Deploy.0 = Debug|iPhone
		{CC97D903-A308-4876-8053-E24B7589D8A7}.Release|Any CPU.ActiveCfg = Release|iPhone
		{CC97D903-A308-4876-8053-E24B7589D8A7}.Release|Any CPU.Build.0 = Release|iPhone
		{CC97D903-A308-4876-8053-E24B7589D8A7}.Release|Any CPU.Deploy.0 = Release|iPhone
		{CC97D903-A308-4876-8053-E24B7589D8A7}.Release|ARM.ActiveCfg = Release|iPhone
		{CC97D903-A308-4876-8053-E24B7589D8A7}.Release|ARM.Build.0 = Release|iPhone
		{CC97D903-A308-4876-8053-E24B7589D8A7}.Release|ARM.Deploy.0 = Release|iPhone
		{CC97D903-A308-4876-8053-E24B7589D8A7}.Release|iPhone.ActiveCfg = Release|iPhone
		{CC97D903-A308-4876-8053-E24B7589D8A7}.Release|iPhone.Build.0 = Release|iPhone
		{CC97D903-A308-4876-8053-E24B7589D8A7}.Release|iPhone.Deploy.0 = Release|iPhone
		{CC97D903-A308-4876-8053-E24B7589D8A7}.Release|iPhoneSimulator.ActiveCfg = Release|iPhoneSimulator
		{CC97D903-A308-4876-8053-E24B7589D8A7}.Release|iPhoneSimulator.Build.0 = Release|iPhoneSimulator
		{CC97D903-A308-4876-8053-E24B7589D8A7}.Release|iPhoneSimulator.Deploy.0 = Release|iPhoneSimulator
		{CC97D903-A308-4876-8053-E24B7589D8A7}.Release|x64.ActiveCfg = Release|iPhone
		{CC97D903-A308-4876-8053-E24B7589D8A7}.Release|x64.Build.0 = Release|iPhone
		{CC97D903-A308-4876-8053-E24B7589D8A7}.Release|x64.Deploy.0 = Release|iPhone
		{CC97D903-A308-4876-8053-E24B7589D8A7}.Release|x86.ActiveCfg = Release|iPhone
		{CC97D903-A308-4876-8053-E24B7589D8A7}.Release|x86.Build.0 = Release|iPhone
		{CC97D903-A308-4876-8053-E24B7589D8A7}.Release|x86.Deploy.0 = Release|iPhone
		{02729F5A-2245-4C86-AA92-A488F3CFD8E3}.Ad-Hoc|Any CPU.ActiveCfg = Release|x86
		{02729F5A-2245-4C86-AA92-A488F3CFD8E3}.Ad-Hoc|Any CPU.Build.0 = Release|x86
		{02729F5A-2245-4C86-AA92-A488F3CFD8E3}.Ad-Hoc|Any CPU.Deploy.0 = Release|x86
		{02729F5A-2245-4C86-AA92-A488F3CFD8E3}.Ad-Hoc|ARM.ActiveCfg = Release|ARM
		{02729F5A-2245-4C86-AA92-A488F3CFD8E3}.Ad-Hoc|ARM.Build.0 = Release|ARM
		{02729F5A-2245-4C86-AA92-A488F3CFD8E3}.Ad-Hoc|ARM.Deploy.0 = Release|ARM
		{02729F5A-2245-4C86-AA92-A488F3CFD8E3}.Ad-Hoc|iPhone.ActiveCfg = Release|x86
		{02729F5A-2245-4C86-AA92-A488F3CFD8E3}.Ad-Hoc|iPhone.Build.0 = Release|x86
		{02729F5A-2245-4C86-AA92-A488F3CFD8E3}.Ad-Hoc|iPhone.Deploy.0 = Release|x86
		{02729F5A-2245-4C86-AA92-A488F3CFD8E3}.Ad-Hoc|iPhoneSimulator.ActiveCfg = Release|x86
		{02729F5A-2245-4C86-AA92-A488F3CFD8E3}.Ad-Hoc|iPhoneSimulator.Build.0 = Release|x86
		{02729F5A-2245-4C86-AA92-A488F3CFD8E3}.Ad-Hoc|iPhoneSimulator.Deploy.0 = Release|x86
		{02729F5A-2245-4C86-AA92-A488F3CFD8E3}.Ad-Hoc|x64.ActiveCfg = Release|x64
		{02729F5A-2245-4C86-AA92-A488F3CFD8E3}.Ad-Hoc|x64.Build.0 = Release|x64
		{02729F5A-2245-4C86-AA92-A488F3CFD8E3}.Ad-Hoc|x64.Deploy.0 = Release|x64
		{02729F5A-2245-4C86-AA92-A488F3CFD8E3}.Ad-Hoc|x86.ActiveCfg = Release|x86
		{02729F5A-2245-4C86-AA92-A488F3CFD8E3}.Ad-Hoc|x86.Build.0 = Release|x86
		{02729F5A-2245-4C86-AA92-A488F3CFD8E3}.Ad-Hoc|x86.Deploy.0 = Release|x86
		{02729F5A-2245-4C86-AA92-A488F3CFD8E3}.AppStore|Any CPU.ActiveCfg = Release|x86
		{02729F5A-2245-4C86-AA92-A488F3CFD8E3}.AppStore|Any CPU.Build.0 = Release|x86
		{02729F5A-2245-4C86-AA92-A488F3CFD8E3}.AppStore|Any CPU.Deploy.0 = Release|x86
		{02729F5A-2245-4C86-AA92-A488F3CFD8E3}.AppStore|ARM.ActiveCfg = Release|ARM
		{02729F5A-2245-4C86-AA92-A488F3CFD8E3}.AppStore|ARM.Build.0 = Release|ARM
		{02729F5A-2245-4C86-AA92-A488F3CFD8E3}.AppStore|ARM.Deploy.0 = Release|ARM
		{02729F5A-2245-4C86-AA92-A488F3CFD8E3}.AppStore|iPhone.ActiveCfg = Release|x86
		{02729F5A-2245-4C86-AA92-A488F3CFD8E3}.AppStore|iPhone.Build.0 = Release|x86
		{02729F5A-2245-4C86-AA92-A488F3CFD8E3}.AppStore|iPhone.Deploy.0 = Release|x86
		{02729F5A-2245-4C86-AA92-A488F3CFD8E3}.AppStore|iPhoneSimulator.ActiveCfg = Release|x86
		{02729F5A-2245-4C86-AA92-A488F3CFD8E3}.AppStore|iPhoneSimulator.Build.0 = Release|x86
		{02729F5A-2245-4C86-AA92-A488F3CFD8E3}.AppStore|iPhoneSimulator.Deploy.0 = Release|x86
		{02729F5A-2245-4C86-AA92-A488F3CFD8E3}.AppStore|x64.ActiveCfg = Release|x64
		{02729F5A-2245-4C86-AA92-A488F3CFD8E3}.AppStore|x64.Build.0 = Release|x64
		{02729F5A-2245-4C86-AA92-A488F3CFD8E3}.AppStore|x64.Deploy.0 = Release|x64
		{02729F5A-2245-4C86-AA92-A488F3CFD8E3}.AppStore|x86.ActiveCfg = Release|x86
		{02729F5A-2245-4C86-AA92-A488F3CFD8E3}.AppStore|x86.Build.0 = Release|x86
		{02729F5A-2245-4C86-AA92-A488F3CFD8E3}.AppStore|x86.Deploy.0 = Release|x86
		{02729F5A-2245-4C86-AA92-A488F3CFD8E3}.Debug|Any CPU.ActiveCfg = Debug|x86
		{02729F5A-2245-4C86-AA92-A488F3CFD8E3}.Debug|Any CPU.Build.0 = Debug|x86
		{02729F5A-2245-4C86-AA92-A488F3CFD8E3}.Debug|Any CPU.Deploy.0 = Debug|x86
		{02729F5A-2245-4C86-AA92-A488F3CFD8E3}.Debug|ARM.ActiveCfg = Debug|ARM
		{02729F5A-2245-4C86-AA92-A488F3CFD8E3}.Debug|ARM.Build.0 = Debug|ARM
		{02729F5A-2245-4C86-AA92-A488F3CFD8E3}.Debug|ARM.Deploy.0 = Debug|ARM
		{02729F5A-2245-4C86-AA92-A488F3CFD8E3}.Debug|iPhone.ActiveCfg = Debug|x86
		{02729F5A-2245-4C86-AA92-A488F3CFD8E3}.Debug|iPhone.Build.0 = Debug|x86
		{02729F5A-2245-4C86-AA92-A488F3CFD8E3}.Debug|iPhone.Deploy.0 = Debug|x86
		{02729F5A-2245-4C86-AA92-A488F3CFD8E3}.Debug|iPhoneSimulator.ActiveCfg = Debug|x86
		{02729F5A-2245-4C86-AA92-A488F3CFD8E3}.Debug|iPhoneSimulator.Build.0 = Debug|x86
		{02729F5A-2245-4C86-AA92-A488F3CFD8E3}.Debug|iPhoneSimulator.Deploy.0 = Debug|x86
		{02729F5A-2245-4C86-AA92-A488F3CFD8E3}.Debug|x64.ActiveCfg = Debug|x64
		{02729F5A-2245-4C86-AA92-A488F3CFD8E3}.Debug|x64.Build.0 = Debug|x64
		{02729F5A-2245-4C86-AA92-A488F3CFD8E3}.Debug|x64.Deploy.0 = Debug|x64
		{02729F5A-2245-4C86-AA92-A488F3CFD8E3}.Debug|x86.ActiveCfg = Debug|x86
		{02729F5A-2245-4C86-AA92-A488F3CFD8E3}.Debug|x86.Build.0 = Debug|x86
		{02729F5A-2245-4C86-AA92-A488F3CFD8E3}.Debug|x86.Deploy.0 = Debug|x86
		{02729F5A-2245-4C86-AA92-A488F3CFD8E3}.Release|Any CPU.ActiveCfg = Release|x86
		{02729F5A-2245-4C86-AA92-A488F3CFD8E3}.Release|Any CPU.Build.0 = Release|x86
		{02729F5A-2245-4C86-AA92-A488F3CFD8E3}.Release|Any CPU.Deploy.0 = Release|x86
		{02729F5A-2245-4C86-AA92-A488F3CFD8E3}.Release|ARM.ActiveCfg = Release|ARM
		{02729F5A-2245-4C86-AA92-A488F3CFD8E3}.Release|ARM.Build.0 = Release|ARM
		{02729F5A-2245-4C86-AA92-A488F3CFD8E3}.Release|ARM.Deploy.0 = Release|ARM
		{02729F5A-2245-4C86-AA92-A488F3CFD8E3}.Release|iPhone.ActiveCfg = Release|x86
		{02729F5A-2245-4C86-AA92-A488F3CFD8E3}.Release|iPhone.Build.0 = Release|x86
		{02729F5A-2245-4C86-AA92-A488F3CFD8E3}.Release|iPhone.Deploy.0 = Release|x86
		{02729F5A-2245-4C86-AA92-A488F3CFD8E3}.Release|iPhoneSimulator.ActiveCfg = Release|x86
		{02729F5A-2245-4C86-AA92-A488F3CFD8E3}.Release|iPhoneSimulator.Build.0 = Release|x86
		{02729F5A-2245-4C86-AA92-A488F3CFD8E3}.Release|iPhoneSimulator.Deploy.0 = Release|x86
		{02729F5A-2245-4C86-AA92-A488F3CFD8E3}.Release|x64.ActiveCfg = Release|x64
		{02729F5A-2245-4C86-AA92-A488F3CFD8E3}.Release|x64.Build.0 = Release|x64
		{02729F5A-2245-4C86-AA92-A488F3CFD8E3}.Release|x64.Deploy.0 = Release|x64
		{02729F5A-2245-4C86-AA92-A488F3CFD8E3}.Release|x86.ActiveCfg = Release|x86
		{02729F5A-2245-4C86-AA92-A488F3CFD8E3}.Release|x86.Build.0 = Release|x86
		{02729F5A-2245-4C86-AA92-A488F3CFD8E3}.Release|x86.Deploy.0 = Release|x86
		{304EF73B-3C39-4823-9806-F6E639F35C46}.Ad-Hoc|Any CPU.ActiveCfg = Debug|Any CPU
		{304EF73B-3C39-4823-9806-F6E639F35C46}.Ad-Hoc|Any CPU.Build.0 = Debug|Any CPU
		{304EF73B-3C39-4823-9806-F6E639F35C46}.Ad-Hoc|Any CPU.Deploy.0 = Debug|Any CPU
		{304EF73B-3C39-4823-9806-F6E639F35C46}.Ad-Hoc|ARM.ActiveCfg = Debug|Any CPU
		{304EF73B-3C39-4823-9806-F6E639F35C46}.Ad-Hoc|ARM.Build.0 = Debug|Any CPU
		{304EF73B-3C39-4823-9806-F6E639F35C46}.Ad-Hoc|ARM.Deploy.0 = Debug|Any CPU
		{304EF73B-3C39-4823-9806-F6E639F35C46}.Ad-Hoc|iPhone.ActiveCfg = Debug|Any CPU
		{304EF73B-3C39-4823-9806-F6E639F35C46}.Ad-Hoc|iPhone.Build.0 = Debug|Any CPU
		{304EF73B-3C39-4823-9806-F6E639F35C46}.Ad-Hoc|iPhone.Deploy.0 = Debug|Any CPU
		{304EF73B-3C39-4823-9806-F6E639F35C46}.Ad-Hoc|iPhoneSimulator.ActiveCfg = Debug|Any CPU
		{304EF73B-3C39-4823-9806-F6E639F35C46}.Ad-Hoc|iPhoneSimulator.Build.0 = Debug|Any CPU
		{304EF73B-3C39-4823-9806-F6E639F35C46}.Ad-Hoc|iPhoneSimulator.Deploy.0 = Debug|Any CPU
		{304EF73B-3C39-4823-9806-F6E639F35C46}.Ad-Hoc|x64.ActiveCfg = Debug|Any CPU
		{304EF73B-3C39-4823-9806-F6E639F35C46}.Ad-Hoc|x64.Build.0 = Debug|Any CPU
		{304EF73B-3C39-4823-9806-F6E639F35C46}.Ad-Hoc|x64.Deploy.0 = Debug|Any CPU
		{304EF73B-3C39-4823-9806-F6E639F35C46}.Ad-Hoc|x86.ActiveCfg = Debug|Any CPU
		{304EF73B-3C39-4823-9806-F6E639F35C46}.Ad-Hoc|x86.Build.0 = Debug|Any CPU
		{304EF73B-3C39-4823-9806-F6E639F35C46}.Ad-Hoc|x86.Deploy.0 = Debug|Any CPU
		{304EF73B-3C39-4823-9806-F6E639F35C46}.AppStore|Any CPU.ActiveCfg = Debug|Any CPU
		{304EF73B-3C39-4823-9806-F6E639F35C46}.AppStore|Any CPU.Build.0 = Debug|Any CPU
		{304EF73B-3C39-4823-9806-F6E639F35C46}.AppStore|Any CPU.Deploy.0 = Debug|Any CPU
		{304EF73B-3C39-4823-9806-F6E639F35C46}.AppStore|ARM.ActiveCfg = Debug|Any CPU
		{304EF73B-3C39-4823-9806-F6E639F35C46}.AppStore|ARM.Build.0 = Debug|Any CPU
		{304EF73B-3C39-4823-9806-F6E639F35C46}.AppStore|ARM.Deploy.0 = Debug|Any CPU
		{304EF73B-3C39-4823-9806-F6E639F35C46}.AppStore|iPhone.ActiveCfg = Debug|Any CPU
		{304EF73B-3C39-4823-9806-F6E639F35C46}.AppStore|iPhone.Build.0 = Debug|Any CPU
		{304EF73B-3C39-4823-9806-F6E639F35C46}.AppStore|iPhone.Deploy.0 = Debug|Any CPU
		{304EF73B-3C39-4823-9806-F6E639F35C46}.AppStore|iPhoneSimulator.ActiveCfg = Debug|Any CPU
		{304EF73B-3C39-4823-9806-F6E639F35C46}.AppStore|iPhoneSimulator.Build.0 = Debug|Any CPU
		{304EF73B-3C39-4823-9806-F6E639F35C46}.AppStore|iPhoneSimulator.Deploy.0 = Debug|Any CPU
		{304EF73B-3C39-4823-9806-F6E639F35C46}.AppStore|x64.ActiveCfg = Debug|Any CPU
		{304EF73B-3C39-4823-9806-F6E639F35C46}.AppStore|x64.Build.0 = Debug|Any CPU
		{304EF73B-3C39-4823-9806-F6E639F35C46}.AppStore|x64.Deploy.0 = Debug|Any CPU
		{304EF73B-3C39-4823-9806-F6E639F35C46}.AppStore|x86.ActiveCfg = Debug|Any CPU
		{304EF73B-3C39-4823-9806-F6E639F35C46}.AppStore|x86.Build.0 = Debug|Any CPU
		{304EF73B-3C39-4823-9806-F6E639F35C46}.AppStore|x86.Deploy.0 = Debug|Any CPU
		{304EF73B-3C39-4823-9806-F6E639F35C46}.Debug|Any CPU.ActiveCfg = Debug|Any CPU
		{304EF73B-3C39-4823-9806-F6E639F35C46}.Debug|Any CPU.Build.0 = Debug|Any CPU
		{304EF73B-3C39-4823-9806-F6E639F35C46}.Debug|Any CPU.Deploy.0 = Debug|Any CPU
		{304EF73B-3C39-4823-9806-F6E639F35C46}.Debug|ARM.ActiveCfg = Debug|Any CPU
		{304EF73B-3C39-4823-9806-F6E639F35C46}.Debug|ARM.Build.0 = Debug|Any CPU
		{304EF73B-3C39-4823-9806-F6E639F35C46}.Debug|ARM.Deploy.0 = Debug|Any CPU
		{304EF73B-3C39-4823-9806-F6E639F35C46}.Debug|iPhone.ActiveCfg = Debug|Any CPU
		{304EF73B-3C39-4823-9806-F6E639F35C46}.Debug|iPhone.Build.0 = Debug|Any CPU
		{304EF73B-3C39-4823-9806-F6E639F35C46}.Debug|iPhone.Deploy.0 = Debug|Any CPU
		{304EF73B-3C39-4823-9806-F6E639F35C46}.Debug|iPhoneSimulator.ActiveCfg = Debug|Any CPU
		{304EF73B-3C39-4823-9806-F6E639F35C46}.Debug|iPhoneSimulator.Build.0 = Debug|Any CPU
		{304EF73B-3C39-4823-9806-F6E639F35C46}.Debug|iPhoneSimulator.Deploy.0 = Debug|Any CPU
		{304EF73B-3C39-4823-9806-F6E639F35C46}.Debug|x64.ActiveCfg = Debug|Any CPU
		{304EF73B-3C39-4823-9806-F6E639F35C46}.Debug|x64.Build.0 = Debug|Any CPU
		{304EF73B-3C39-4823-9806-F6E639F35C46}.Debug|x64.Deploy.0 = Debug|Any CPU
		{304EF73B-3C39-4823-9806-F6E639F35C46}.Debug|x86.ActiveCfg = Debug|Any CPU
		{304EF73B-3C39-4823-9806-F6E639F35C46}.Debug|x86.Build.0 = Debug|Any CPU
		{304EF73B-3C39-4823-9806-F6E639F35C46}.Debug|x86.Deploy.0 = Debug|Any CPU
		{304EF73B-3C39-4823-9806-F6E639F35C46}.Release|Any CPU.ActiveCfg = Release|Any CPU
		{304EF73B-3C39-4823-9806-F6E639F35C46}.Release|Any CPU.Build.0 = Release|Any CPU
		{304EF73B-3C39-4823-9806-F6E639F35C46}.Release|Any CPU.Deploy.0 = Release|Any CPU
		{304EF73B-3C39-4823-9806-F6E639F35C46}.Release|ARM.ActiveCfg = Release|Any CPU
		{304EF73B-3C39-4823-9806-F6E639F35C46}.Release|ARM.Build.0 = Release|Any CPU
		{304EF73B-3C39-4823-9806-F6E639F35C46}.Release|ARM.Deploy.0 = Release|Any CPU
		{304EF73B-3C39-4823-9806-F6E639F35C46}.Release|iPhone.ActiveCfg = Release|Any CPU
		{304EF73B-3C39-4823-9806-F6E639F35C46}.Release|iPhone.Build.0 = Release|Any CPU
		{304EF73B-3C39-4823-9806-F6E639F35C46}.Release|iPhone.Deploy.0 = Release|Any CPU
		{304EF73B-3C39-4823-9806-F6E639F35C46}.Release|iPhoneSimulator.ActiveCfg = Release|Any CPU
		{304EF73B-3C39-4823-9806-F6E639F35C46}.Release|iPhoneSimulator.Build.0 = Release|Any CPU
		{304EF73B-3C39-4823-9806-F6E639F35C46}.Release|iPhoneSimulator.Deploy.0 = Release|Any CPU
		{304EF73B-3C39-4823-9806-F6E639F35C46}.Release|x64.ActiveCfg = Release|Any CPU
		{304EF73B-3C39-4823-9806-F6E639F35C46}.Release|x64.Build.0 = Release|Any CPU
		{304EF73B-3C39-4823-9806-F6E639F35C46}.Release|x64.Deploy.0 = Release|Any CPU
		{304EF73B-3C39-4823-9806-F6E639F35C46}.Release|x86.ActiveCfg = Release|Any CPU
		{304EF73B-3C39-4823-9806-F6E639F35C46}.Release|x86.Build.0 = Release|Any CPU
		{304EF73B-3C39-4823-9806-F6E639F35C46}.Release|x86.Deploy.0 = Release|Any CPU
	EndGlobalSection
	GlobalSection(SolutionProperties) = preSolution
		HideSolutionNode = FALSE
	EndGlobalSection
	GlobalSection(ExtensibilityGlobals) = postSolution
		SolutionGuid = {0EDE267A-B57A-44A7-8D94-E3500D19ECA6}
	EndGlobalSection
EndGlobal
